
Microsoft Visual Studio Solution File, Format Version 12.00
# Visual Studio Version 17
VisualStudioVersion = 17.14.37628.2 d17.14
MinimumVisualStudioVersion = 10.0.40219.1
Project("{2150E333-8FDC-42A3-9474-1A3956D46DE8}") = "Modelo", "Modelo", "{02EA681E-C7D8-13C7-8484-4AC65E1B71E8}"
EndProject
Project("{2150E333-8FDC-42A3-9474-1A3956D46DE8}") = "Vista", "Vista", "{FE02149A-8B84-47AC-9EAF-8E9A25926A24}"
EndProject
Project("{FAE04EC0-301F-11D3-BF4B-00C04F79EFBC}") = "Modelos", "Modelos\Modelos.csproj", "{182E471B-02C4-4695-9EC7-AEEB5973B9E2}"
EndProject
Project("{FAE04EC0-301F-11D3-BF4B-00C04F79EFBC}") = "Vista", "Vista\Vista.csproj", "{7FA14527-D57F-46FE-9C3D-92E0854AEC0D}"
EndProject
Global
	GlobalSection(SolutionConfigurationPlatforms) = preSolution
		Debug|Any CPU = Debug|Any CPU
		Release|Any CPU = Release|Any CPU
	EndGlobalSection
	GlobalSection(ProjectConfigurationPlatforms) = postSolution
		{182E471B-02C4-4695-9EC7-AEEB5973B9E2}.Debug|Any CPU.ActiveCfg = Debug|Any CPU
		{182E471B-02C4-4695-9EC7-AEEB5973B9E2}.Debug|Any CPU.Build.0 = Debug|Any CPU
		{182E471B-02C4-4695-9EC7-AEEB5973B9E2}.Release|Any CPU.ActiveCfg = Release|Any CPU
		{182E471B-02C4-4695-9EC7-AEEB5973B9E2}.Release|Any CPU.Build.0 = Release|Any CPU
		{7FA14527-D57F-46FE-9C3D-92E0854AEC0D}.Debug|Any CPU.ActiveCfg = Debug|Any CPU
		{7FA14527-D57F-46FE-9C3D-92E0854AEC0D}.Debug|Any CPU.Build.0 = Debug|Any CPU
		{7FA14527-D57F-46FE-9C3D-92E0854AEC0D}.Release|Any CPU.ActiveCfg = Release|Any CPU
		{7FA14527-D57F-46FE-9C3D-92E0854AEC0D}.Release|Any CPU.Build.0 = Release|Any CPU
	EndGlobalSection
	GlobalSection(SolutionProperties) = preSolution
		HideSolutionNode = FALSE
	EndGlobalSection
	GlobalSection(NestedProjects) = preSolution
		{182E471B-02C4-4695-9EC7-AEEB5973B9E2} = {02EA681E-C7D8-13C7-8484-4AC65E1B71E8}
		{7FA14527-D57F-46FE-9C3D-92E0854AEC0D} = {FE02149A-8B84-47AC-9EAF-8E9A25926A24}
	EndGlobalSection
	GlobalSection(ExtensibilityGlobals) = postSolution
		SolutionGuid = {A4A497DA-3503-404C-A3FD-7748058F469C}
	EndGlobalSection
EndGlobal
